<?xml version="1.0" encoding="utf-8"?>
<Project ToolsVersion="4.0" xmlns="http://schemas.microsoft.com/developer/msbuild/2003">
  <ItemGroup>
    <Filter Include="src">
      <UniqueIdentifier>{4FC737F1-C7A5-4376-A066-2A32D752A2FF}</UniqueIdentifier>
      <Extensions>cpp;c;cc;cxx;c++;cppm;ixx;def;odl;idl;hpj;bat;asm;asmx</Extensions>
    </Filter>
    <Filter Include="src\System">
      <UniqueIdentifier>{68be25e7-1061-4e96-8d10-8410bec13e5e}</UniqueIdentifier>
    </Filter>
    <Filter Include="src\Scene">
      <UniqueIdentifier>{cae3dd19-bb21-4941-969f-aaa2e401eab7}</UniqueIdentifier>
    </Filter>
    <Filter Include="src\Graphic">
      <UniqueIdentifier>{3ab9f81e-977b-4474-8050-ff7cdea65a25}</UniqueIdentifier>
    </Filter>
    <Filter Include="src\UI">
      <UniqueIdentifier>{bd2ba834-3ed7-44c6-bdd0-606493e1dbdb}</UniqueIdentifier>
    </Filter>
    <Filter Include="src\FallingObject">
      <UniqueIdentifier>{a52231cd-c44b-43ea-bb95-268f39d9bb2d}</UniqueIdentifier>
    </Filter>
  </ItemGroup>
  <ItemGroup>
    <ClCompile Include="main.cpp">
      <Filter>src</Filter>
    </ClCompile>
    <ClCompile Include="GameManager.cpp">
      <Filter>src\System</Filter>
    </ClCompile>
    <ClCompile Include="SceneManager.cpp">
      <Filter>src\Scene</Filter>
    </ClCompile>
    <ClCompile Include="Input.cpp">
      <Filter>src\System</Filter>
    </ClCompile>
    <ClCompile Include="Renderer.cpp">
      <Filter>src\Graphic</Filter>
    </ClCompile>
    <ClCompile Include="TItleScene.cpp">
      <Filter>src\Scene</Filter>
    </ClCompile>
    <ClCompile Include="GameScene.cpp">
      <Filter>src\Scene</Filter>
    </ClCompile>
    <ClCompile Include="Player.cpp">
      <Filter>src\UI</Filter>
    </ClCompile>
    <ClCompile Include="FallingObject.cpp">
      <Filter>src\FallingObject</Filter>
    </ClCompile>
    <ClCompile Include="FallingObjectManager.cpp">
      <Filter>src\FallingObject</Filter>
    </ClCompile>
    <ClCompile Include="GameTimer.cpp">
      <Filter>src\System</Filter>
    </ClCompile>
    <ClCompile Include="ResultScene.cpp">
      <Filter>src\Scene</Filter>
    </ClCompile>
    <ClCompile Include="HitArea.cpp">
      <Filter>src\System</Filter>
    </ClCompile>
    <ClCompile Include="HitCheck.cpp">
      <Filter>src\System</Filter>
    </ClCompile>
    <ClCompile Include="Score.cpp">
      <Filter>src\System</Filter>
    </ClCompile>
  </ItemGroup>
  <ItemGroup>
    <ClInclude Include="GameManager.h">
      <Filter>src\System</Filter>
    </ClInclude>
    <ClInclude Include="SceneManager.h">
      <Filter>src\Scene</Filter>
    </ClInclude>
    <ClInclude Include="Scene.h">
      <Filter>src\Scene</Filter>
    </ClInclude>
    <ClInclude Include="Renderer.h">
      <Filter>src\Graphic</Filter>
    </ClInclude>
    <ClInclude Include="Input.h">
      <Filter>src\System</Filter>
    </ClInclude>
    <ClInclude Include="TitleScene.h">
      <Filter>src\Scene</Filter>
    </ClInclude>
    <ClInclude Include="SceneId.h">
      <Filter>src\Scene</Filter>
    </ClInclude>
    <ClInclude Include="GameScene.h">
      <Filter>src\Scene</Filter>
    </ClInclude>
    <ClInclude Include="Player.h">
      <Filter>src\UI</Filter>
    </ClInclude>
    <ClInclude Include="FallingObjectType.h">
      <Filter>src\FallingObject</Filter>
    </ClInclude>
    <ClInclude Include="FallingObject.h">
      <Filter>src\FallingObject</Filter>
    </ClInclude>
    <ClInclude Include="FallingObjectManager.h">
      <Filter>src\FallingObject</Filter>
    </ClInclude>
    <ClInclude Include="GameTimer.h">
      <Filter>src\System</Filter>
    </ClInclude>
    <ClInclude Include="ResultScene.h">
      <Filter>src\Scene</Filter>
    </ClInclude>
    <ClInclude Include="HitArea.h">
      <Filter>src\System</Filter>
    </ClInclude>
    <ClInclude Include="HitCheck.h">
      <Filter>src\System</Filter>
    </ClInclude>
    <ClInclude Include="ScoreEffect.h">
      <Filter>src\System</Filter>
    </ClInclude>
    <ClInclude Include="Score.h">
      <Filter>src\System</Filter>
    </ClInclude>
    <ClInclude Include="Facing.h">
      <Filter>src\UI</Filter>
    </ClInclude>
    <ClInclude Include="MoveState.h">
      <Filter>src\UI</Filter>
    </ClInclude>
  </ItemGroup>
  <ItemGroup>
    <None Include=".gitignore" />
  </ItemGroup>
</Project>