<?xml version="1.0" encoding="utf-8"?>
<Project ToolsVersion="4.0" xmlns="http://schemas.microsoft.com/developer/msbuild/2003">
  <ItemGroup>
    <Filter Include="src">
      <UniqueIdentifier>{4FC737F1-C7A5-4376-A066-2A32D752A2FF}</UniqueIdentifier>
      <Extensions>cpp;c;cc;cxx;c++;cppm;ixx;def;odl;idl;hpj;bat;asm;asmx</Extensions>
    </Filter>
    <Filter Include="src\System">
      <UniqueIdentifier>{68be25e7-1061-4e96-8d10-8410bec13e5e}</UniqueIdentifier>
    </Filter>
    <Filter Include="src\Scene">
      <UniqueIdentifier>{cae3dd19-bb21-4941-969f-aaa2e401eab7}</UniqueIdentifier>
    </Filter>
    <Filter Include="src\Graphic">
      <UniqueIdentifier>{3ab9f81e-977b-4474-8050-ff7cdea65a25}</UniqueIdentifier>
    </Filter>
    <Filter Include="src\UI">
      <UniqueIdentifier>{bd2ba834-3ed7-44c6-bdd0-606493e1dbdb}</UniqueIdentifier>
    </Filter>
    <Filter Include="src\FallingObject">
      <UniqueIdentifier>{a52231cd-c44b-43ea-bb95-268f39d9bb2d}</UniqueIdentifier>
    </Filter>
  </ItemGroup>
  <ItemGroup>
    <ClCompile Include="main.cpp">
      <Filter>src</Filter>
    </ClCompile>
    <ClCompile Include="src\FallingObject\FallingObject.cpp">
      <Filter>src</Filter>
    </ClCompile>
    <ClCompile Include="src\FallingObject\FallingObjectManager.cpp">
      <Filter>src</Filter>
    </ClCompile>
    <ClCompile Include="src\System\GameManager.cpp">
      <Filter>src</Filter>
    </ClCompile>
    <ClCompile Include="src\Scene\GameScene.cpp">
      <Filter>src</Filter>
    </ClCompile>
    <ClCompile Include="src\System\GameTimer.cpp">
      <Filter>src</Filter>
    </ClCompile>
    <ClCompile Include="src\System\HitArea.cpp">
      <Filter>src</Filter>
    </ClCompile>
    <ClCompile Include="src\System\HitCheck.cpp">
      <Filter>src</Filter>
    </ClCompile>
    <ClCompile Include="src\Graphic\ImageLoader.cpp">
      <Filter>src</Filter>
    </ClCompile>
    <ClCompile Include="src\System\Input.cpp">
      <Filter>src</Filter>
    </ClCompile>
    <ClCompile Include="src\UI\Player.cpp">
      <Filter>src</Filter>
    </ClCompile>
    <ClCompile Include="src\Graphic\Renderer.cpp">
      <Filter>src</Filter>
    </ClCompile>
    <ClCompile Include="src\Scene\ResultScene.cpp">
      <Filter>src</Filter>
    </ClCompile>
    <ClCompile Include="src\Scene\SceneManager.cpp">
      <Filter>src</Filter>
    </ClCompile>
    <ClCompile Include="src\System\Score.cpp">
      <Filter>src</Filter>
    </ClCompile>
    <ClCompile Include="src\Scene\TItleScene.cpp">
      <Filter>src</Filter>
    </ClCompile>
  </ItemGroup>
  <ItemGroup>
    <ClInclude Include="src\FallingObject\FallingObject.h" />
    <ClInclude Include="src\FallingObject\FallingObjectManager.h" />
    <ClInclude Include="src\FallingObject\FallingObjectType.h" />
    <ClInclude Include="src\System\GameManager.h" />
    <ClInclude Include="src\Scene\GameScene.h" />
    <ClInclude Include="src\System\GameTimer.h" />
    <ClInclude Include="src\System\HitArea.h" />
    <ClInclude Include="src\System\HitCheck.h" />
    <ClInclude Include="src\Graphic\ImageLoader.h" />
    <ClInclude Include="src\System\Input.h" />
    <ClInclude Include="src\UI\MoveState.h" />
    <ClInclude Include="src\UI\Player.h" />
    <ClInclude Include="src\UI\Facing.h" />
    <ClInclude Include="src\Graphic\Renderer.h" />
    <ClInclude Include="src\Scene\ResultScene.h" />
    <ClInclude Include="src\Scene\Scene.h" />
    <ClInclude Include="src\Scene\SceneId.h" />
    <ClInclude Include="src\Scene\SceneManager.h" />
    <ClInclude Include="src\System\Score.h" />
    <ClInclude Include="src\System\ScoreEffect.h" />
    <ClInclude Include="src\Scene\TitleScene.h" />
    <ClInclude Include="src\UI\UI.h" />
  </ItemGroup>
  <ItemGroup>
    <None Include=".gitignore" />
  </ItemGroup>
  <ItemGroup>
    <Image Include="assets\images\player\player_left_1.png" />
    <Image Include="assets\images\player\player_left_2.png" />
    <Image Include="assets\images\player\player_right_1.png" />
    <Image Include="assets\images\player\player_right_2.png" />
  </ItemGroup>
</Project>